// !$*UTF8*$!
{
	archiveVersion = 1;
	classes = {
	};
	objectVersion = 46;
	objects = {

/* Begin PBXBuildFile section */
		0D0E873B1CC3CB1900A86164 /* main.m in Sources */ = {isa = PBXBuildFile; fileRef = 0D0E873A1CC3CB1900A86164 /* main.m */; };
		0D0E873E1CC3CB1900A86164 /* AppDelegate.m in Sources */ = {isa = PBXBuildFile; fileRef = 0D0E873D1CC3CB1900A86164 /* AppDelegate.m */; };
		0D0E87411CC3CB1900A86164 /* ViewController.m in Sources */ = {isa = PBXBuildFile; fileRef = 0D0E87401CC3CB1900A86164 /* ViewController.m */; };
		0D0E87441CC3CB1900A86164 /* Main.storyboard in Resources */ = {isa = PBXBuildFile; fileRef = 0D0E87421CC3CB1900A86164 /* Main.storyboard */; };
		0D0E87461CC3CB1900A86164 /* Assets.xcassets in Resources */ = {isa = PBXBuildFile; fileRef = 0D0E87451CC3CB1900A86164 /* Assets.xcassets */; };
		0D0E87491CC3CB1900A86164 /* LaunchScreen.storyboard in Resources */ = {isa = PBXBuildFile; fileRef = 0D0E87471CC3CB1900A86164 /* LaunchScreen.storyboard */; };
		0D0E87541CC3CB1900A86164 /* MSBLEDemoTests.m in Sources */ = {isa = PBXBuildFile; fileRef = 0D0E87531CC3CB1900A86164 /* MSBLEDemoTests.m */; };
/* End PBXBuildFile section */

/* Begin PBXContainerItemProxy section */
		0D0E87501CC3CB1900A86164 /* PBXContainerItemProxy */ = {
			isa = PBXContainerItemProxy;
			containerPortal = 0D0E872E1CC3CB1900A86164 /* Project object */;
			proxyType = 1;
			remoteGlobalIDString = 0D0E87351CC3CB1900A86164;
			remoteInfo = MSBLEDemo;
		};
/* End PBXContainerItemProxy section */

/* Begin PBXFileReference section */
		0D0E87361CC3CB1900A86164 /* MSBLEDemo.app */ = {isa = PBXFileReference; explicitFileType = wrapper.application; includeInIndex = 0; path = MSBLEDemo.app; sourceTree = BUILT_PRODUCTS_DIR; };
		0D0E873A1CC3CB1900A86164 /* main.m */ = {isa = PBXFileReference; lastKnownFileType = sourcecode.c.objc; path = main.m; sourceTree = "<group>"; };
		0D0E873C1CC3CB1900A86164 /* AppDelegate.h */ = {isa = PBXFileReference; lastKnownFileType = sourcecode.c.h; path = AppDelegate.h; sourceTree = "<group>"; };
		0D0E873D1CC3CB1900A86164 /* AppDelegate.m */ = {isa = PBXFileReference; lastKnownFileType = sourcecode.c.objc; path = AppDelegate.m; sourceTree = "<group>"; };
		0D0E873F1CC3CB1900A86164 /* ViewController.h */ = {isa = PBXFileReference; lastKnownFileType = sourcecode.c.h; path = ViewController.h; sourceTree = "<group>"; };
		0D0E87401CC3CB1900A86164 /* ViewController.m */ = {isa = PBXFileReference; lastKnownFileType = sourcecode.c.objc; path = ViewController.m; sourceTree = "<group>"; };
		0D0E87431CC3CB1900A86164 /* Base */ = {isa = PBXFileReference; lastKnownFileType = file.storyboard; name = Base; path = Base.lproj/Main.storyboard; sourceTree = "<group>"; };
		0D0E87451CC3CB1900A86164 /* Assets.xcassets */ = {isa = PBXFileReference; lastKnownFileType = folder.assetcatalog; path = Assets.xcassets; sourceTree = "<group>"; };
		0D0E87481CC3CB1900A86164 /* Base */ = {isa = PBXFileReference; lastKnownFileType = file.storyboard; name = Base; path = Base.lproj/LaunchScreen.storyboard; sourceTree = "<group>"; };
		0D0E874A1CC3CB1900A86164 /* Info.plist */ = {isa = PBXFileReference; lastKnownFileType = text.plist.xml; path = Info.plist; sourceTree = "<group>"; };
		0D0E874F1CC3CB1900A86164 /* MSBLEDemoTests.xctest */ = {isa = PBXFileReference; explicitFileType = wrapper.cfbundle; includeInIndex = 0; path = MSBLEDemoTests.xctest; sourceTree = BUILT_PRODUCTS_DIR; };
		0D0E87531CC3CB1900A86164 /* MSBLEDemoTests.m */ = {isa = PBXFileReference; lastKnownFileType = sourcecode.c.objc; path = MSBLEDemoTests.m; sourceTree = "<group>"; };
		0D0E87551CC3CB1900A86164 /* Info.plist */ = {isa = PBXFileReference; lastKnownFileType = text.plist.xml; path = Info.plist; sourceTree = "<group>"; };
/* End PBXFileReference section */

/* Begin PBXFrameworksBuildPhase section */
		0D0E87331CC3CB1900A86164 /* Frameworks */ = {
			isa = PBXFrameworksBuildPhase;
			buildActionMask = 2147483647;
			files = (
			);
			runOnlyForDeploymentPostprocessing = 0;
		};
		0D0E874C1CC3CB1900A86164 /* Frameworks */ = {
			isa = PBXFrameworksBuildPhase;
			buildActionMask = 2147483647;
			files = (
			);
			runOnlyForDeploymentPostprocessing = 0;
		};
/* End PBXFrameworksBuildPhase section */

/* Begin PBXGroup section */
		0D0E872D1CC3CB1900A86164 = {
			isa = PBXGroup;
			children = (
				0D0E87381CC3CB1900A86164 /* MSBLEDemo */,
				0D0E87521CC3CB1900A86164 /* MSBLEDemoTests */,
				0D0E87371CC3CB1900A86164 /* Products */,
			);
			sourceTree = "<group>";
		};
		0D0E87371CC3CB1900A86164 /* Products */ = {
			isa = PBXGroup;
			children = (
				0D0E87361CC3CB1900A86164 /* MSBLEDemo.app */,
				0D0E874F1CC3CB1900A86164 /* MSBLEDemoTests.xctest */,
			);
			name = Products;
			sourceTree = "<group>";
		};
		0D0E87381CC3CB1900A86164 /* MSBLEDemo */ = {
			isa = PBXGroup;
			children = (
				0D0E873C1CC3CB1900A86164 /* AppDelegate.h */,
				0D0E873D1CC3CB1900A86164 /* AppDelegate.m */,
				0D0E873F1CC3CB1900A86164 /* ViewController.h */,
				0D0E87401CC3CB1900A86164 /* ViewController.m */,
				0D0E87421CC3CB1900A86164 /* Main.storyboard */,
				0D0E87451CC3CB1900A86164 /* Assets.xcassets */,
				0D0E87471CC3CB1900A86164 /* LaunchScreen.storyboard */,
				0D0E874A1CC3CB1900A86164 /* Info.plist */,
				0D0E87391CC3CB1900A86164 /* Supporting Files */,
			);
			path = MSBLEDemo;
			sourceTree = "<group>";
		};
		0D0E87391CC3CB1900A86164 /* Supporting Files */ = {
			isa = PBXGroup;
			children = (
				0D0E873A1CC3CB1900A86164 /* main.m */,
			);
			name = "Supporting Files";
			sourceTree = "<group>";
		};
		0D0E87521CC3CB1900A86164 /* MSBLEDemoTests */ = {
			isa = PBXGroup;
			children = (
				0D0E87531CC3CB1900A86164 /* MSBLEDemoTests.m */,
				0D0E87551CC3CB1900A86164 /* Info.plist */,
			);
			path = MSBLEDemoTests;
			sourceTree = "<group>";
		};
/* End PBXGroup section */

/* Begin PBXNativeTarget section */
		0D0E87351CC3CB1900A86164 /* MSBLEDemo */ = {
			isa = PBXNativeTarget;
			buildConfigurationList = 0D0E87581CC3CB1900A86164 /* Build configuration list for PBXNativeTarget "MSBLEDemo" */;
			buildPhases = (
				0D0E87321CC3CB1900A86164 /* Sources */,
				0D0E87331CC3CB1900A86164 /* Frameworks */,
				0D0E87341CC3CB1900A86164 /* Resources */,
			);
			buildRules = (
			);
			dependencies = (
			);
			name = MSBLEDemo;
			productName = MSBLEDemo;
			productReference = 0D0E87361CC3CB1900A86164 /* MSBLEDemo.app */;
			productType = "com.apple.product-type.application";
		};
		0D0E874E1CC3CB1900A86164 /* MSBLEDemoTests */ = {
			isa = PBXNativeTarget;
			buildConfigurationList = 0D0E875B1CC3CB1900A86164 /* Build configuration list for PBXNativeTarget "MSBLEDemoTests" */;
			buildPhases = (
				0D0E874B1CC3CB1900A86164 /* Sources */,
				0D0E874C1CC3CB1900A86164 /* Frameworks */,
				0D0E874D1CC3CB1900A86164 /* Resources */,
			);
			buildRules = (
			);
			dependencies = (
				0D0E87511CC3CB1900A86164 /* PBXTargetDependency */,
			);
			name = MSBLEDemoTests;
			productName = MSBLEDemoTests;
			productReference = 0D0E874F1CC3CB1900A86164 /* MSBLEDemoTests.xctest */;
			productType = "com.apple.product-type.bundle.unit-test";
		};
/* End PBXNativeTarget section */

/* Begin PBXProject section */
		0D0E872E1CC3CB1900A86164 /* Project object */ = {
			isa = PBXProject;
			attributes = {
				LastUpgradeCheck = 0730;
				ORGANIZATIONNAME = mr.scorpion;
				TargetAttributes = {
					0D0E87351CC3CB1900A86164 = {
						CreatedOnToolsVersion = 7.3;
					};
					0D0E874E1CC3CB1900A86164 = {
						CreatedOnToolsVersion = 7.3;
						TestTargetID = 0D0E87351CC3CB1900A86164;
					};
				};
			};
			buildConfigurationList = 0D0E87311CC3CB1900A86164 /* Build configuration list for PBXProject "MSBLEDemo" */;
			compatibilityVersion = "Xcode 3.2";
			developmentRegion = English;
			hasScannedForEncodings = 0;
			knownRegions = (
				en,
				Base,
			);
			mainGroup = 0D0E872D1CC3CB1900A86164;
			productRefGroup = 0D0E87371CC3CB1900A86164 /* Products */;
			projectDirPath = "";
			projectRoot = "";
			targets = (
				0D0E87351CC3CB1900A86164 /* MSBLEDemo */,
				0D0E874E1CC3CB1900A86164 /* MSBLEDemoTests */,
			);
		};
/* End PBXProject section */

/* Begin PBXResourcesBuildPhase section */
		0D0E87341CC3CB1900A86164 /* Resources */ = {
			isa = PBXResourcesBuildPhase;
			buildActionMask = 2147483647;
			files = (
				0D0E87491CC3CB1900A86164 /* LaunchScreen.storyboard in Resources */,
				0D0E87461CC3CB1900A86164 /* Assets.xcassets in Resources */,
				0D0E87441CC3CB1900A86164 /* Main.storyboard in Resources */,
			);
			runOnlyForDeploymentPostprocessing = 0;
		};
		0D0E874D1CC3CB1900A86164 /* Resources */ = {
			isa = PBXResourcesBuildPhase;
			buildActionMask = 2147483647;
			files = (
			);
			runOnlyForDeploymentPostprocessing = 0;
		};
/* End PBXResourcesBuildPhase section */

/* Begin PBXSourcesBuildPhase section */
		0D0E87321CC3CB1900A86164 /* Sources */ = {
			isa = PBXSourcesBuildPhase;
			buildActionMask = 2147483647;
			files = (
				0D0E87411CC3CB1900A86164 /* ViewController.m in Sources */,
				0D0E873E1CC3CB1900A86164 /* AppDelegate.m in Sources */,
				0D0E873B1CC3CB1900A86164 /* main.m in Sources */,
			);
			runOnlyForDeploymentPostprocessing = 0;
		};
		0D0E874B1CC3CB1900A86164 /* Sources */ = {
			isa = PBXSourcesBuildPhase;
			buildActionMask = 2147483647;
			files = (
				0D0E87541CC3CB1900A86164 /* MSBLEDemoTests.m in Sources */,
			);
			runOnlyForDeploymentPostprocessing = 0;
		};
/* End PBXSourcesBuildPhase section */

/* Begin PBXTargetDependency section */
		0D0E87511CC3CB1900A86164 /* PBXTargetDependency */ = {
			isa = PBXTargetDependency;
			target = 0D0E87351CC3CB1900A86164 /* MSBLEDemo */;
			targetProxy = 0D0E87501CC3CB1900A86164 /* PBXContainerItemProxy */;
		};
/* End PBXTargetDependency section */

/* Begin PBXVariantGroup section */
		0D0E87421CC3CB1900A86164 /* Main.storyboard */ = {
			isa = PBXVariantGroup;
			children = (
				0D0E87431CC3CB1900A86164 /* Base */,
			);
			name = Main.storyboard;
			sourceTree = "<group>";
		};
		0D0E87471CC3CB1900A86164 /* LaunchScreen.storyboard */ = {
			isa = PBXVariantGroup;
			children = (
				0D0E87481CC3CB1900A86164 /* Base */,
			);
			name = LaunchScreen.storyboard;
			sourceTree = "<group>";
		};
/* End PBXVariantGroup section */

/* Begin XCBuildConfiguration section */
		0D0E87561CC3CB1900A86164 /* Debug */ = {
			isa = XCBuildConfiguration;
			buildSettings = {
				ALWAYS_SEARCH_USER_PATHS = NO;
				CLANG_ANALYZER_NONNULL = YES;
				CLANG_CXX_LANGUAGE_STANDARD = "gnu++0x";
				CLANG_CXX_LIBRARY = "libc++";
				CLANG_ENABLE_MODULES = YES;
				CLANG_ENABLE_OBJC_ARC = YES;
				CLANG_WARN_BOOL_CONVERSION = YES;
				CLANG_WARN_CONSTANT_CONVERSION = YES;
				CLANG_WARN_DIRECT_OBJC_ISA_USAGE = YES_ERROR;
				CLANG_WARN_EMPTY_BODY = YES;
				CLANG_WARN_ENUM_CONVERSION = YES;
				CLANG_WARN_INT_CONVERSION = YES;
				CLANG_WARN_OBJC_ROOT_CLASS = YES_ERROR;
				CLANG_WARN_UNREACHABLE_CODE = YES;
				CLANG_WARN__DUPLICATE_METHOD_MATCH = YES;
				"CODE_SIGN_IDENTITY[sdk=iphoneos*]" = "iPhone Developer";
				COPY_PHASE_STRIP = NO;
				DEBUG_INFORMATION_FORMAT = dwarf;
				ENABLE_STRICT_OBJC_MSGSEND = YES;
				ENABLE_TESTABILITY = YES;
				GCC_C_LANGUAGE_STANDARD = gnu99;
				GCC_DYNAMIC_NO_PIC = NO;
				GCC_NO_COMMON_BLOCKS = YES;
				GCC_OPTIMIZATION_LEVEL = 0;
				GCC_PREPROCESSOR_DEFINITIONS = (
					"DEBUG=1",
					"$(inherited)",
				);
				GCC_WARN_64_TO_32_BIT_CONVERSION = YES;
				GCC_WARN_ABOUT_RETURN_TYPE = YES_ERROR;
				GCC_WARN_UNDECLARED_SELECTOR = YES;
				GCC_WARN_UNINITIALIZED_AUTOS = YES_AGGRESSIVE;
				GCC_WARN_UNUSED_FUNCTION = YES;
				GCC_WARN_UNUSED_VARIABLE = YES;
				IPHONEOS_DEPLOYMENT_TARGET = 9.3;
				MTL_ENABLE_DEBUG_INFO = YES;
				ONLY_ACTIVE_ARCH = YES;
				SDKROOT = iphoneos;
			};
			name = Debug;
		};
		0D0E87571CC3CB1900A86164 /* Release */ = {
			isa = XCBuildConfiguration;
			buildSettings = {
				ALWAYS_SEARCH_USER_PATHS = NO;
				CLANG_ANALYZER_NONNULL = YES;
				CLANG_CXX_LANGUAGE_STANDARD = "gnu++0x";
				CLANG_CXX_LIBRARY = "libc++";
				CLANG_ENABLE_MODULES = YES;
				CLANG_ENABLE_OBJC_ARC = YES;
				CLANG_WARN_BOOL_CONVERSION = YES;
				CLANG_WARN_CONSTANT_CONVERSION = YES;
				CLANG_WARN_DIRECT_OBJC_ISA_USAGE = YES_ERROR;
				CLANG_WARN_EMPTY_BODY = YES;
				CLANG_WARN_ENUM_CONVERSION = YES;
				CLANG_WARN_INT_CONVERSION = YES;
				CLANG_WARN_OBJC_ROOT_CLASS = YES_ERROR;
				CLANG_WARN_UNREACHABLE_CODE = YES;
				CLANG_WARN__DUPLICATE_METHOD_MATCH = YES;
				"CODE_SIGN_IDENTITY[sdk=iphoneos*]" = "iPhone Developer";
				COPY_PHASE_STRIP = NO;
				DEBUG_INFORMATION_FORMAT = "dwarf-with-dsym";
				ENABLE_NS_ASSERTIONS = NO;
				ENABLE_STRICT_OBJC_MSGSEND = YES;
				GCC_C_LANGUAGE_STANDARD = gnu99;
				GCC_NO_COMMON_BLOCKS = YES;
				GCC_WARN_64_TO_32_BIT_CONVERSION = YES;
				GCC_WARN_ABOUT_RETURN_TYPE = YES_ERROR;
				GCC_WARN_UNDECLARED_SELECTOR = YES;
				GCC_WARN_UNINITIALIZED_AUTOS = YES_AGGRESSIVE;
				GCC_WARN_UNUSED_FUNCTION = YES;
				GCC_WARN_UNUSED_VARIABLE = YES;
				IPHONEOS_DEPLOYMENT_TARGET = 9.3;
				MTL_ENABLE_DEBUG_INFO = NO;
				SDKROOT = iphoneos;
				VALIDATE_PRODUCT = YES;
			};
			name = Release;
		};
		0D0E87591CC3CB1900A86164 /* Debug */ = {
			isa = XCBuildConfiguration;
			buildSettings = {
				ASSETCATALOG_COMPILER_APPICON_NAME = AppIcon;
				INFOPLIST_FILE = MSBLEDemo/Info.plist;
				LD_RUNPATH_SEARCH_PATHS = "$(inherited) @executable_path/Frameworks";
				PRODUCT_BUNDLE_IDENTIFIER = mr.scorpion.MSBLEDemo;
				PRODUCT_NAME = "$(TARGET_NAME)";
			};
			name = Debug;
		};
		0D0E875A1CC3CB1900A86164 /* Release */ = {
			isa = XCBuildConfiguration;
			buildSettings = {
				ASSETCATALOG_COMPILER_APPICON_NAME = AppIcon;
				INFOPLIST_FILE = MSBLEDemo/Info.plist;
				LD_RUNPATH_SEARCH_PATHS = "$(inherited) @executable_path/Frameworks";
				PRODUCT_BUNDLE_IDENTIFIER = mr.scorpion.MSBLEDemo;
				PRODUCT_NAME = "$(TARGET_NAME)";
			};
			name = Release;
		};
		0D0E875C1CC3CB1900A86164 /* Debug */ = {
			isa = XCBuildConfiguration;
			buildSettings = {
				BUNDLE_LOADER = "$(TEST_HOST)";
				INFOPLIST_FILE = MSBLEDemoTests/Info.plist;
				LD_RUNPATH_SEARCH_PATHS = "$(inherited) @executable_path/Frameworks @loader_path/Frameworks";
				PRODUCT_BUNDLE_IDENTIFIER = mr.scorpion.MSBLEDemoTests;
				PRODUCT_NAME = "$(TARGET_NAME)";
				TEST_HOST = "$(BUILT_PRODUCTS_DIR)/MSBLEDemo.app/MSBLEDemo";
			};
			name = Debug;
		};
		0D0E875D1CC3CB1900A86164 /* Release */ = {
			isa = XCBuildConfiguration;
			buildSettings = {
				BUNDLE_LOADER = "$(TEST_HOST)";
				INFOPLIST_FILE = MSBLEDemoTests/Info.plist;
				LD_RUNPATH_SEARCH_PATHS = "$(inherited) @executable_path/Frameworks @loader_path/Frameworks";
				PRODUCT_BUNDLE_IDENTIFIER = mr.scorpion.MSBLEDemoTests;
				PRODUCT_NAME = "$(TARGET_NAME)";
				TEST_HOST = "$(BUILT_PRODUCTS_DIR)/MSBLEDemo.app/MSBLEDemo";
			};
			name = Release;
		};
/* End XCBuildConfiguration section */

/* Begin XCConfigurationList section */
		0D0E87311CC3CB1900A86164 /* Build configuration list for PBXProject "MSBLEDemo" */ = {
			isa = XCConfigurationList;
			buildConfigurations = (
				0D0E87561CC3CB1900A86164 /* Debug */,
				0D0E87571CC3CB1900A86164 /* Release */,
			);
			defaultConfigurationIsVisible = 0;
			defaultConfigurationName = Release;
		};
		0D0E87581CC3CB1900A86164 /* Build configuration list for PBXNativeTarget "MSBLEDemo" */ = {
			isa = XCConfigurationList;
			buildConfigurations = (
				0D0E87591CC3CB1900A86164 /* Debug */,
				0D0E875A1CC3CB1900A86164 /* Release */,
			);
			defaultConfigurationIsVisible = 0;
		};
		0D0E875B1CC3CB1900A86164 /* Build configuration list for PBXNativeTarget "MSBLEDemoTests" */ = {
			isa = XCConfigurationList;
			buildConfigurations = (
				0D0E875C1CC3CB1900A86164 /* Debug */,
				0D0E875D1CC3CB1900A86164 /* Release */,
			);
			defaultConfigurationIsVisible = 0;
		};
/* End XCConfigurationList section */
	};
	rootObject = 0D0E872E1CC3CB1900A86164 /* Project object */;
}
